
Microsoft Visual Studio Solution File, Format Version 12.00
# Visual Studio 15
VisualStudioVersion = 15.0.28307.645
MinimumVisualStudioVersion = 10.0.40219.1
Project("{FAE04EC0-301F-11D3-BF4B-00C04F79EFBC}") = "Fenêtre-Bleue,Rouge", "Fenêtre-Bleue,Rouge\Fenêtre-Bleue,Rouge.csproj", "{8F30AB76-D753-4CAC-AD21-2A0A83DE69F7}"
EndProject
Global
	GlobalSection(SolutionConfigurationPlatforms) = preSolution
		Debug|Any CPU = Debug|Any CPU
		Release|Any CPU = Release|Any CPU
	EndGlobalSection
	GlobalSection(ProjectConfigurationPlatforms) = postSolution
		{8F30AB76-D753-4CAC-AD21-2A0A83DE69F7}.Debug|Any CPU.ActiveCfg = Debug|Any CPU
		{8F30AB76-D753-4CAC-AD21-2A0A83DE69F7}.Debug|Any CPU.Build.0 = Debug|Any CPU
		{8F30AB76-D753-4CAC-AD21-2A0A83DE69F7}.Release|Any CPU.ActiveCfg = Release|Any CPU
		{8F30AB76-D753-4CAC-AD21-2A0A83DE69F7}.Release|Any CPU.Build.0 = Release|Any CPU
	EndGlobalSection
	GlobalSection(SolutionProperties) = preSolution
		HideSolutionNode = FALSE
	EndGlobalSection
	GlobalSection(ExtensibilityGlobals) = postSolution
		SolutionGuid = {FB1CABEA-3FCC-48CC-97AC-F10F2A176B55}
	EndGlobalSection
EndGlobal
