
Microsoft Visual Studio Solution File, Format Version 12.00
# Visual Studio 15
VisualStudioVersion = 15.0.28307.645
MinimumVisualStudioVersion = 10.0.40219.1
Project("{FAE04EC0-301F-11D3-BF4B-00C04F79EFBC}") = "Machine à calculer", "Machine à calculer\Machine à calculer.csproj", "{DAD99E40-8E48-49BF-BD5E-BBE03B2F9685}"
EndProject
Global
	GlobalSection(SolutionConfigurationPlatforms) = preSolution
		Debug|Any CPU = Debug|Any CPU
		Release|Any CPU = Release|Any CPU
	EndGlobalSection
	GlobalSection(ProjectConfigurationPlatforms) = postSolution
		{DAD99E40-8E48-49BF-BD5E-BBE03B2F9685}.Debug|Any CPU.ActiveCfg = Debug|Any CPU
		{DAD99E40-8E48-49BF-BD5E-BBE03B2F9685}.Debug|Any CPU.Build.0 = Debug|Any CPU
		{DAD99E40-8E48-49BF-BD5E-BBE03B2F9685}.Release|Any CPU.ActiveCfg = Release|Any CPU
		{DAD99E40-8E48-49BF-BD5E-BBE03B2F9685}.Release|Any CPU.Build.0 = Release|Any CPU
	EndGlobalSection
	GlobalSection(SolutionProperties) = preSolution
		HideSolutionNode = FALSE
	EndGlobalSection
	GlobalSection(ExtensibilityGlobals) = postSolution
		SolutionGuid = {EC99CF22-DC19-4EAA-9AE3-BB828CFFC97A}
	EndGlobalSection
EndGlobal
